
Microsoft Visual Studio Solution File, Format Version 12.00
# Visual Studio 15
VisualStudioVersion = 15.0.28307.960
MinimumVisualStudioVersion = 10.0.40219.1
Project("{FAE04EC0-301F-11D3-BF4B-00C04F79EFBC}") = "Simple1", "Simple1\Simple1.csproj", "{B9FFCC02-B8AB-442F-94B4-CA8771572431}"
EndProject
Global
	GlobalSection(SolutionConfigurationPlatforms) = preSolution
		Debug|Any CPU = Debug|Any CPU
		Release|Any CPU = Release|Any CPU
	EndGlobalSection
	GlobalSection(ProjectConfigurationPlatforms) = postSolution
		{B9FFCC02-B8AB-442F-94B4-CA8771572431}.Debug|Any CPU.ActiveCfg = Debug|Any CPU
		{B9FFCC02-B8AB-442F-94B4-CA8771572431}.Debug|Any CPU.Build.0 = Debug|Any CPU
		{B9FFCC02-B8AB-442F-94B4-CA8771572431}.Release|Any CPU.ActiveCfg = Release|Any CPU
		{B9FFCC02-B8AB-442F-94B4-CA8771572431}.Release|Any CPU.Build.0 = Release|Any CPU
	EndGlobalSection
	GlobalSection(SolutionProperties) = preSolution
		HideSolutionNode = FALSE
	EndGlobalSection
	GlobalSection(ExtensibilityGlobals) = postSolution
		SolutionGuid = {B4F660CA-CFF5-4942-9D20-4371C0F16E0B}
	EndGlobalSection
EndGlobal
